
Microsoft Visual Studio Solution File, Format Version 12.00
# Visual Studio Version 16
VisualStudioVersion = 16.0.32929.386
MinimumVisualStudioVersion = 10.0.40219.1
Project("{FAE04EC0-301F-11D3-BF4B-00C04F79EFBC}") = "Exec_DeclareInt", "Exec_DeclareInt.csproj", "{2B743E34-2C98-4BDB-AF47-CF54405F2111}"
EndProject
Global
	GlobalSection(SolutionConfigurationPlatforms) = preSolution
		Debug|Any CPU = Debug|Any CPU
		Release|Any CPU = Release|Any CPU
	EndGlobalSection
	GlobalSection(ProjectConfigurationPlatforms) = postSolution
		{2B743E34-2C98-4BDB-AF47-CF54405F2111}.Debug|Any CPU.ActiveCfg = Debug|Any CPU
		{2B743E34-2C98-4BDB-AF47-CF54405F2111}.Debug|Any CPU.Build.0 = Debug|Any CPU
		{2B743E34-2C98-4BDB-AF47-CF54405F2111}.Release|Any CPU.ActiveCfg = Release|Any CPU
		{2B743E34-2C98-4BDB-AF47-CF54405F2111}.Release|Any CPU.Build.0 = Release|Any CPU
	EndGlobalSection
	GlobalSection(SolutionProperties) = preSolution
		HideSolutionNode = FALSE
	EndGlobalSection
	GlobalSection(ExtensibilityGlobals) = postSolution
		SolutionGuid = {ED8A2E80-DCA2-4D48-B069-E7ACC54FC756}
	EndGlobalSection
EndGlobal
